// !$*UTF8*$!
{
	archiveVersion = 1;
	classes = {
	};
	objectVersion = 56;
	objects = {

/* Begin PBXBuildFile section */
		6951EC7D2A6AFFC10002B5D2 /* appApp.swift in Sources */ = {isa = PBXBuildFile; fileRef = 6951EC7C2A6AFFC10002B5D2 /* appApp.swift */; };
		6951EC7F2A6AFFC10002B5D2 /* ConnectView.swift in Sources */ = {isa = PBXBuildFile; fileRef = 6951EC7E2A6AFFC10002B5D2 /* ConnectView.swift */; };
		6951EC812A6AFFC20002B5D2 /* Assets.xcassets in Resources */ = {isa = PBXBuildFile; fileRef = 6951EC802A6AFFC20002B5D2 /* Assets.xcassets */; };
		6951EC852A6AFFC20002B5D2 /* Preview Assets.xcassets in Resources */ = {isa = PBXBuildFile; fileRef = 6951EC842A6AFFC20002B5D2 /* Preview Assets.xcassets */; };
		6951EC8E2A6B010C0002B5D2 /* Colors.swift in Sources */ = {isa = PBXBuildFile; fileRef = 6951EC8D2A6B010C0002B5D2 /* Colors.swift */; };
		6951EC902A6B01180002B5D2 /* Config.swift in Sources */ = {isa = PBXBuildFile; fileRef = 6951EC8F2A6B01180002B5D2 /* Config.swift */; };
		6951EC922A6B027F0002B5D2 /* RecordScreen.swift in Sources */ = {isa = PBXBuildFile; fileRef = 6951EC912A6B027F0002B5D2 /* RecordScreen.swift */; };
		6951EC942A6B028B0002B5D2 /* ConfirmationScreen.swift in Sources */ = {isa = PBXBuildFile; fileRef = 6951EC932A6B028B0002B5D2 /* ConfirmationScreen.swift */; };
		6951EC962A6B02970002B5D2 /* SuccessScreen.swift in Sources */ = {isa = PBXBuildFile; fileRef = 6951EC952A6B02970002B5D2 /* SuccessScreen.swift */; };
		6951EC982A6B02C50002B5D2 /* VoiceRecordingManager.swift in Sources */ = {isa = PBXBuildFile; fileRef = 6951EC972A6B02C50002B5D2 /* VoiceRecordingManager.swift */; };
		6951EC9A2A6B02D00002B5D2 /* VoiceAnalyzer.swift in Sources */ = {isa = PBXBuildFile; fileRef = 6951EC992A6B02D00002B5D2 /* VoiceAnalyzer.swift */; };
		6951EC9C2A6B02D90002B5D2 /* OpenAIService.swift in Sources */ = {isa = PBXBuildFile; fileRef = 6951EC9B2A6B02D90002B5D2 /* OpenAIService.swift */; };
		6951EC9E2A6B02E20002B5D2 /* TransactionManager.swift in Sources */ = {isa = PBXBuildFile; fileRef = 6951EC9D2A6B02E20002B5D2 /* TransactionManager.swift */; };
		6967AA092A6BC9ED004E37EE /* metamask-ios-sdk in Frameworks */ = {isa = PBXBuildFile; productRef = 6967AA082A6BC9ED004E37EE /* metamask-ios-sdk */; };
		6967AA0B2A6BC9FE004E37EE /* ConnectionManager.swift in Sources */ = {isa = PBXBuildFile; fileRef = 6967AA0A2A6BC9FE004E37EE /* ConnectionManager.swift */; };
		6967AA0F2A6C09AC004E37EE /* SwapApiService.swift in Sources */ = {isa = PBXBuildFile; fileRef = 6967AA0E2A6C09AC004E37EE /* SwapApiService.swift */; };
		6967AA122A6C1A79004E37EE /* Buttons.swift in Sources */ = {isa = PBXBuildFile; fileRef = 6967AA112A6C1A79004E37EE /* Buttons.swift */; };
		A656B7582A6C2A1800A3CE42 /* WalletConnectManager.swift in Sources */ = {isa = PBXBuildFile; fileRef = A656B7572A6C2A1800A3CE42 /* WalletConnectManager.swift */; };
		A656B75A2A6C2A7000A3CE42 /* NativeSocket.swift in Sources */ = {isa = PBXBuildFile; fileRef = A656B7592A6C2A7000A3CE42 /* NativeSocket.swift */; };
		A657625F2A6B3515002A06CB /* WalletConnectModal in Frameworks */ = {isa = PBXBuildFile; productRef = A657625E2A6B3515002A06CB /* WalletConnectModal */; };
/* End PBXBuildFile section */

/* Begin PBXFileReference section */
		6951EC792A6AFFC10002B5D2 /* app.app */ = {isa = PBXFileReference; explicitFileType = wrapper.application; includeInIndex = 0; path = app.app; sourceTree = BUILT_PRODUCTS_DIR; };
		6951EC7C2A6AFFC10002B5D2 /* appApp.swift */ = {isa = PBXFileReference; lastKnownFileType = sourcecode.swift; path = appApp.swift; sourceTree = "<group>"; };
		6951EC7E2A6AFFC10002B5D2 /* ConnectView.swift */ = {isa = PBXFileReference; lastKnownFileType = sourcecode.swift; path = ConnectView.swift; sourceTree = "<group>"; };
		6951EC802A6AFFC20002B5D2 /* Assets.xcassets */ = {isa = PBXFileReference; lastKnownFileType = folder.assetcatalog; path = Assets.xcassets; sourceTree = "<group>"; };
		6951EC822A6AFFC20002B5D2 /* app.entitlements */ = {isa = PBXFileReference; lastKnownFileType = text.plist.entitlements; path = app.entitlements; sourceTree = "<group>"; };
		6951EC842A6AFFC20002B5D2 /* Preview Assets.xcassets */ = {isa = PBXFileReference; lastKnownFileType = folder.assetcatalog; path = "Preview Assets.xcassets"; sourceTree = "<group>"; };
		6951EC8D2A6B010C0002B5D2 /* Colors.swift */ = {isa = PBXFileReference; lastKnownFileType = sourcecode.swift; path = Colors.swift; sourceTree = "<group>"; };
		6951EC8F2A6B01180002B5D2 /* Config.swift */ = {isa = PBXFileReference; lastKnownFileType = sourcecode.swift; path = Config.swift; sourceTree = "<group>"; };
		6951EC912A6B027F0002B5D2 /* RecordScreen.swift */ = {isa = PBXFileReference; lastKnownFileType = sourcecode.swift; path = RecordScreen.swift; sourceTree = "<group>"; };
		6951EC932A6B028B0002B5D2 /* ConfirmationScreen.swift */ = {isa = PBXFileReference; lastKnownFileType = sourcecode.swift; path = ConfirmationScreen.swift; sourceTree = "<group>"; };
		6951EC952A6B02970002B5D2 /* SuccessScreen.swift */ = {isa = PBXFileReference; lastKnownFileType = sourcecode.swift; path = SuccessScreen.swift; sourceTree = "<group>"; };
		6951EC972A6B02C50002B5D2 /* VoiceRecordingManager.swift */ = {isa = PBXFileReference; lastKnownFileType = sourcecode.swift; path = VoiceRecordingManager.swift; sourceTree = "<group>"; };
		6951EC992A6B02D00002B5D2 /* VoiceAnalyzer.swift */ = {isa = PBXFileReference; lastKnownFileType = sourcecode.swift; path = VoiceAnalyzer.swift; sourceTree = "<group>"; };
		6951EC9B2A6B02D90002B5D2 /* OpenAIService.swift */ = {isa = PBXFileReference; lastKnownFileType = sourcecode.swift; path = OpenAIService.swift; sourceTree = "<group>"; };
		6951EC9D2A6B02E20002B5D2 /* TransactionManager.swift */ = {isa = PBXFileReference; lastKnownFileType = sourcecode.swift; path = TransactionManager.swift; sourceTree = "<group>"; };
		6967AA0A2A6BC9FE004E37EE /* ConnectionManager.swift */ = {isa = PBXFileReference; lastKnownFileType = sourcecode.swift; path = ConnectionManager.swift; sourceTree = "<group>"; };
		6967AA0E2A6C09AC004E37EE /* SwapApiService.swift */ = {isa = PBXFileReference; lastKnownFileType = sourcecode.swift; path = SwapApiService.swift; sourceTree = "<group>"; };
		6967AA112A6C1A79004E37EE /* Buttons.swift */ = {isa = PBXFileReference; lastKnownFileType = sourcecode.swift; path = Buttons.swift; sourceTree = "<group>"; };
		A656B7572A6C2A1800A3CE42 /* WalletConnectManager.swift */ = {isa = PBXFileReference; lastKnownFileType = sourcecode.swift; path = WalletConnectManager.swift; sourceTree = "<group>"; };
		A656B7592A6C2A7000A3CE42 /* NativeSocket.swift */ = {isa = PBXFileReference; lastKnownFileType = sourcecode.swift; path = NativeSocket.swift; sourceTree = "<group>"; };
/* End PBXFileReference section */

/* Begin PBXFrameworksBuildPhase section */
		6951EC762A6AFFC10002B5D2 /* Frameworks */ = {
			isa = PBXFrameworksBuildPhase;
			buildActionMask = 2147483647;
			files = (
				6967AA092A6BC9ED004E37EE /* metamask-ios-sdk in Frameworks */,
				A657625F2A6B3515002A06CB /* WalletConnectModal in Frameworks */,
			);
			runOnlyForDeploymentPostprocessing = 0;
		};
/* End PBXFrameworksBuildPhase section */

/* Begin PBXGroup section */
		6951EC702A6AFFC10002B5D2 = {
			isa = PBXGroup;
			children = (
				6951EC7B2A6AFFC10002B5D2 /* app */,
				6951EC7A2A6AFFC10002B5D2 /* Products */,
			);
			sourceTree = "<group>";
		};
		6951EC7A2A6AFFC10002B5D2 /* Products */ = {
			isa = PBXGroup;
			children = (
				6951EC792A6AFFC10002B5D2 /* app.app */,
			);
			name = Products;
			sourceTree = "<group>";
		};
		6951EC7B2A6AFFC10002B5D2 /* app */ = {
			isa = PBXGroup;
			children = (
				6951EC8C2A6B00FB0002B5D2 /* shared */,
				6951EC8B2A6B00F20002B5D2 /* ui */,
				6951EC7C2A6AFFC10002B5D2 /* appApp.swift */,
				6951EC8F2A6B01180002B5D2 /* Config.swift */,
				6951EC8D2A6B010C0002B5D2 /* Colors.swift */,
				6951EC7E2A6AFFC10002B5D2 /* ConnectView.swift */,
				6951EC802A6AFFC20002B5D2 /* Assets.xcassets */,
				6951EC822A6AFFC20002B5D2 /* app.entitlements */,
				6951EC832A6AFFC20002B5D2 /* Preview Content */,
			);
			path = app;
			sourceTree = "<group>";
		};
		6951EC832A6AFFC20002B5D2 /* Preview Content */ = {
			isa = PBXGroup;
			children = (
				6951EC842A6AFFC20002B5D2 /* Preview Assets.xcassets */,
			);
			path = "Preview Content";
			sourceTree = "<group>";
		};
		6951EC8B2A6B00F20002B5D2 /* ui */ = {
			isa = PBXGroup;
			children = (
				6967AA102A6C1A69004E37EE /* components */,
				6951EC912A6B027F0002B5D2 /* RecordScreen.swift */,
				6951EC932A6B028B0002B5D2 /* ConfirmationScreen.swift */,
				6951EC952A6B02970002B5D2 /* SuccessScreen.swift */,
			);
			path = ui;
			sourceTree = "<group>";
		};
		6951EC8C2A6B00FB0002B5D2 /* shared */ = {
			isa = PBXGroup;
			children = (
				6967AA0A2A6BC9FE004E37EE /* ConnectionManager.swift */,
				6967AA0E2A6C09AC004E37EE /* SwapApiService.swift */,
				6951EC9D2A6B02E20002B5D2 /* TransactionManager.swift */,
				6951EC9B2A6B02D90002B5D2 /* OpenAIService.swift */,
				6951EC992A6B02D00002B5D2 /* VoiceAnalyzer.swift */,
				6951EC972A6B02C50002B5D2 /* VoiceRecordingManager.swift */,
				A656B7572A6C2A1800A3CE42 /* WalletConnectManager.swift */,
				A656B7592A6C2A7000A3CE42 /* NativeSocket.swift */,
			);
			path = shared;
			sourceTree = "<group>";
		};
		6967AA102A6C1A69004E37EE /* components */ = {
			isa = PBXGroup;
			children = (
				6967AA112A6C1A79004E37EE /* Buttons.swift */,
			);
			path = components;
			sourceTree = "<group>";
		};
/* End PBXGroup section */

/* Begin PBXNativeTarget section */
		6951EC782A6AFFC10002B5D2 /* app */ = {
			isa = PBXNativeTarget;
			buildConfigurationList = 6951EC882A6AFFC20002B5D2 /* Build configuration list for PBXNativeTarget "app" */;
			buildPhases = (
				6951EC752A6AFFC10002B5D2 /* Sources */,
				6951EC762A6AFFC10002B5D2 /* Frameworks */,
				6951EC772A6AFFC10002B5D2 /* Resources */,
			);
			buildRules = (
			);
			dependencies = (
			);
			name = app;
			packageProductDependencies = (
				A657625E2A6B3515002A06CB /* WalletConnectModal */,
				6967AA082A6BC9ED004E37EE /* metamask-ios-sdk */,
			);
			productName = app;
			productReference = 6951EC792A6AFFC10002B5D2 /* app.app */;
			productType = "com.apple.product-type.application";
		};
/* End PBXNativeTarget section */

/* Begin PBXProject section */
		6951EC712A6AFFC10002B5D2 /* Project object */ = {
			isa = PBXProject;
			attributes = {
				BuildIndependentTargetsInParallel = 1;
				LastSwiftUpdateCheck = 1430;
				LastUpgradeCheck = 1430;
				TargetAttributes = {
					6951EC782A6AFFC10002B5D2 = {
						CreatedOnToolsVersion = 14.3.1;
					};
				};
			};
			buildConfigurationList = 6951EC742A6AFFC10002B5D2 /* Build configuration list for PBXProject "app" */;
			compatibilityVersion = "Xcode 14.0";
			developmentRegion = en;
			hasScannedForEncodings = 0;
			knownRegions = (
				en,
				Base,
			);
			mainGroup = 6951EC702A6AFFC10002B5D2;
			packageReferences = (
				A657625D2A6B3515002A06CB /* XCRemoteSwiftPackageReference "WalletConnectSwiftV2" */,
				6967AA072A6BC9ED004E37EE /* XCRemoteSwiftPackageReference "metamask-ios-sdk" */,
			);
			productRefGroup = 6951EC7A2A6AFFC10002B5D2 /* Products */;
			projectDirPath = "";
			projectRoot = "";
			targets = (
				6951EC782A6AFFC10002B5D2 /* app */,
			);
		};
/* End PBXProject section */

/* Begin PBXResourcesBuildPhase section */
		6951EC772A6AFFC10002B5D2 /* Resources */ = {
			isa = PBXResourcesBuildPhase;
			buildActionMask = 2147483647;
			files = (
				6951EC852A6AFFC20002B5D2 /* Preview Assets.xcassets in Resources */,
				6951EC812A6AFFC20002B5D2 /* Assets.xcassets in Resources */,
			);
			runOnlyForDeploymentPostprocessing = 0;
		};
/* End PBXResourcesBuildPhase section */

/* Begin PBXSourcesBuildPhase section */
		6951EC752A6AFFC10002B5D2 /* Sources */ = {
			isa = PBXSourcesBuildPhase;
			buildActionMask = 2147483647;
			files = (
				A656B7582A6C2A1800A3CE42 /* WalletConnectManager.swift in Sources */,
				6951EC7F2A6AFFC10002B5D2 /* ConnectView.swift in Sources */,
				6967AA0B2A6BC9FE004E37EE /* ConnectionManager.swift in Sources */,
				6951EC9E2A6B02E20002B5D2 /* TransactionManager.swift in Sources */,
				6951EC902A6B01180002B5D2 /* Config.swift in Sources */,
				6951EC962A6B02970002B5D2 /* SuccessScreen.swift in Sources */,
				6951EC942A6B028B0002B5D2 /* ConfirmationScreen.swift in Sources */,
				6967AA0F2A6C09AC004E37EE /* SwapApiService.swift in Sources */,
				6967AA122A6C1A79004E37EE /* Buttons.swift in Sources */,
				6951EC982A6B02C50002B5D2 /* VoiceRecordingManager.swift in Sources */,
				6951EC9A2A6B02D00002B5D2 /* VoiceAnalyzer.swift in Sources */,
				6951EC922A6B027F0002B5D2 /* RecordScreen.swift in Sources */,
				6951EC9C2A6B02D90002B5D2 /* OpenAIService.swift in Sources */,
				A656B75A2A6C2A7000A3CE42 /* NativeSocket.swift in Sources */,
				6951EC8E2A6B010C0002B5D2 /* Colors.swift in Sources */,
				6951EC7D2A6AFFC10002B5D2 /* appApp.swift in Sources */,
			);
			runOnlyForDeploymentPostprocessing = 0;
		};
/* End PBXSourcesBuildPhase section */

/* Begin XCBuildConfiguration section */
		6951EC862A6AFFC20002B5D2 /* Debug */ = {
			isa = XCBuildConfiguration;
			buildSettings = {
				ALWAYS_SEARCH_USER_PATHS = NO;
				CLANG_ANALYZER_NONNULL = YES;
				CLANG_ANALYZER_NUMBER_OBJECT_CONVERSION = YES_AGGRESSIVE;
				CLANG_CXX_LANGUAGE_STANDARD = "gnu++20";
				CLANG_ENABLE_MODULES = YES;
				CLANG_ENABLE_OBJC_ARC = YES;
				CLANG_ENABLE_OBJC_WEAK = YES;
				CLANG_WARN_BLOCK_CAPTURE_AUTORELEASING = YES;
				CLANG_WARN_BOOL_CONVERSION = YES;
				CLANG_WARN_COMMA = YES;
				CLANG_WARN_CONSTANT_CONVERSION = YES;
				CLANG_WARN_DEPRECATED_OBJC_IMPLEMENTATIONS = YES;
				CLANG_WARN_DIRECT_OBJC_ISA_USAGE = YES_ERROR;
				CLANG_WARN_DOCUMENTATION_COMMENTS = YES;
				CLANG_WARN_EMPTY_BODY = YES;
				CLANG_WARN_ENUM_CONVERSION = YES;
				CLANG_WARN_INFINITE_RECURSION = YES;
				CLANG_WARN_INT_CONVERSION = YES;
				CLANG_WARN_NON_LITERAL_NULL_CONVERSION = YES;
				CLANG_WARN_OBJC_IMPLICIT_RETAIN_SELF = YES;
				CLANG_WARN_OBJC_LITERAL_CONVERSION = YES;
				CLANG_WARN_OBJC_ROOT_CLASS = YES_ERROR;
				CLANG_WARN_QUOTED_INCLUDE_IN_FRAMEWORK_HEADER = YES;
				CLANG_WARN_RANGE_LOOP_ANALYSIS = YES;
				CLANG_WARN_STRICT_PROTOTYPES = YES;
				CLANG_WARN_SUSPICIOUS_MOVE = YES;
				CLANG_WARN_UNGUARDED_AVAILABILITY = YES_AGGRESSIVE;
				CLANG_WARN_UNREACHABLE_CODE = YES;
				CLANG_WARN__DUPLICATE_METHOD_MATCH = YES;
				COPY_PHASE_STRIP = NO;
				DEBUG_INFORMATION_FORMAT = dwarf;
				ENABLE_STRICT_OBJC_MSGSEND = YES;
				ENABLE_TESTABILITY = YES;
				GCC_C_LANGUAGE_STANDARD = gnu11;
				GCC_DYNAMIC_NO_PIC = NO;
				GCC_NO_COMMON_BLOCKS = YES;
				GCC_OPTIMIZATION_LEVEL = 0;
				GCC_PREPROCESSOR_DEFINITIONS = (
					"DEBUG=1",
					"$(inherited)",
				);
				GCC_WARN_64_TO_32_BIT_CONVERSION = YES;
				GCC_WARN_ABOUT_RETURN_TYPE = YES_ERROR;
				GCC_WARN_UNDECLARED_SELECTOR = YES;
				GCC_WARN_UNINITIALIZED_AUTOS = YES_AGGRESSIVE;
				GCC_WARN_UNUSED_FUNCTION = YES;
				GCC_WARN_UNUSED_VARIABLE = YES;
				MTL_ENABLE_DEBUG_INFO = INCLUDE_SOURCE;
				MTL_FAST_MATH = YES;
				ONLY_ACTIVE_ARCH = YES;
				SWIFT_ACTIVE_COMPILATION_CONDITIONS = DEBUG;
				SWIFT_OPTIMIZATION_LEVEL = "-Onone";
			};
			name = Debug;
		};
		6951EC872A6AFFC20002B5D2 /* Release */ = {
			isa = XCBuildConfiguration;
			buildSettings = {
				ALWAYS_SEARCH_USER_PATHS = NO;
				CLANG_ANALYZER_NONNULL = YES;
				CLANG_ANALYZER_NUMBER_OBJECT_CONVERSION = YES_AGGRESSIVE;
				CLANG_CXX_LANGUAGE_STANDARD = "gnu++20";
				CLANG_ENABLE_MODULES = YES;
				CLANG_ENABLE_OBJC_ARC = YES;
				CLANG_ENABLE_OBJC_WEAK = YES;
				CLANG_WARN_BLOCK_CAPTURE_AUTORELEASING = YES;
				CLANG_WARN_BOOL_CONVERSION = YES;
				CLANG_WARN_COMMA = YES;
				CLANG_WARN_CONSTANT_CONVERSION = YES;
				CLANG_WARN_DEPRECATED_OBJC_IMPLEMENTATIONS = YES;
				CLANG_WARN_DIRECT_OBJC_ISA_USAGE = YES_ERROR;
				CLANG_WARN_DOCUMENTATION_COMMENTS = YES;
				CLANG_WARN_EMPTY_BODY = YES;
				CLANG_WARN_ENUM_CONVERSION = YES;
				CLANG_WARN_INFINITE_RECURSION = YES;
				CLANG_WARN_INT_CONVERSION = YES;
				CLANG_WARN_NON_LITERAL_NULL_CONVERSION = YES;
				CLANG_WARN_OBJC_IMPLICIT_RETAIN_SELF = YES;
				CLANG_WARN_OBJC_LITERAL_CONVERSION = YES;
				CLANG_WARN_OBJC_ROOT_CLASS = YES_ERROR;
				CLANG_WARN_QUOTED_INCLUDE_IN_FRAMEWORK_HEADER = YES;
				CLANG_WARN_RANGE_LOOP_ANALYSIS = YES;
				CLANG_WARN_STRICT_PROTOTYPES = YES;
				CLANG_WARN_SUSPICIOUS_MOVE = YES;
				CLANG_WARN_UNGUARDED_AVAILABILITY = YES_AGGRESSIVE;
				CLANG_WARN_UNREACHABLE_CODE = YES;
				CLANG_WARN__DUPLICATE_METHOD_MATCH = YES;
				COPY_PHASE_STRIP = NO;
				DEBUG_INFORMATION_FORMAT = "dwarf-with-dsym";
				ENABLE_NS_ASSERTIONS = NO;
				ENABLE_STRICT_OBJC_MSGSEND = YES;
				GCC_C_LANGUAGE_STANDARD = gnu11;
				GCC_NO_COMMON_BLOCKS = YES;
				GCC_WARN_64_TO_32_BIT_CONVERSION = YES;
				GCC_WARN_ABOUT_RETURN_TYPE = YES_ERROR;
				GCC_WARN_UNDECLARED_SELECTOR = YES;
				GCC_WARN_UNINITIALIZED_AUTOS = YES_AGGRESSIVE;
				GCC_WARN_UNUSED_FUNCTION = YES;
				GCC_WARN_UNUSED_VARIABLE = YES;
				MTL_ENABLE_DEBUG_INFO = NO;
				MTL_FAST_MATH = YES;
				SWIFT_COMPILATION_MODE = wholemodule;
				SWIFT_OPTIMIZATION_LEVEL = "-O";
			};
			name = Release;
		};
		6951EC892A6AFFC20002B5D2 /* Debug */ = {
			isa = XCBuildConfiguration;
			buildSettings = {
				ASSETCATALOG_COMPILER_APPICON_NAME = AppIcon;
				ASSETCATALOG_COMPILER_GLOBAL_ACCENT_COLOR_NAME = AccentColor;
				CODE_SIGN_ENTITLEMENTS = app/app.entitlements;
				CODE_SIGN_STYLE = Automatic;
				CURRENT_PROJECT_VERSION = 1;
				DEVELOPMENT_ASSET_PATHS = "\"app/Preview Content\"";
				DEVELOPMENT_TEAM = 84383757VH;
				ENABLE_HARDENED_RUNTIME = YES;
				ENABLE_PREVIEWS = YES;
				GENERATE_INFOPLIST_FILE = YES;
				"INFOPLIST_KEY_UIApplicationSceneManifest_Generation[sdk=iphoneos*]" = YES;
				"INFOPLIST_KEY_UIApplicationSceneManifest_Generation[sdk=iphonesimulator*]" = YES;
				"INFOPLIST_KEY_UIApplicationSupportsIndirectInputEvents[sdk=iphoneos*]" = YES;
				"INFOPLIST_KEY_UIApplicationSupportsIndirectInputEvents[sdk=iphonesimulator*]" = YES;
				"INFOPLIST_KEY_UILaunchScreen_Generation[sdk=iphoneos*]" = YES;
				"INFOPLIST_KEY_UILaunchScreen_Generation[sdk=iphonesimulator*]" = YES;
				"INFOPLIST_KEY_UIStatusBarStyle[sdk=iphoneos*]" = UIStatusBarStyleDefault;
				"INFOPLIST_KEY_UIStatusBarStyle[sdk=iphonesimulator*]" = UIStatusBarStyleDefault;
				INFOPLIST_KEY_UISupportedInterfaceOrientations_iPad = "UIInterfaceOrientationPortrait UIInterfaceOrientationPortraitUpsideDown UIInterfaceOrientationLandscapeLeft UIInterfaceOrientationLandscapeRight";
				INFOPLIST_KEY_UISupportedInterfaceOrientations_iPhone = "UIInterfaceOrientationPortrait UIInterfaceOrientationLandscapeLeft UIInterfaceOrientationLandscapeRight";
				IPHONEOS_DEPLOYMENT_TARGET = 16.4;
				LD_RUNPATH_SEARCH_PATHS = "@executable_path/Frameworks";
				"LD_RUNPATH_SEARCH_PATHS[sdk=macosx*]" = "@executable_path/../Frameworks";
				MACOSX_DEPLOYMENT_TARGET = 13.3;
				MARKETING_VERSION = 1.0;
				PRODUCT_BUNDLE_IDENTIFIER = com.ethglobal.app;
				PRODUCT_NAME = "$(TARGET_NAME)";
				SDKROOT = auto;
				SUPPORTED_PLATFORMS = "iphoneos iphonesimulator macosx";
				SWIFT_EMIT_LOC_STRINGS = YES;
				SWIFT_VERSION = 5.0;
				TARGETED_DEVICE_FAMILY = "1,2";
			};
			name = Debug;
		};
		6951EC8A2A6AFFC20002B5D2 /* Release */ = {
			isa = XCBuildConfiguration;
			buildSettings = {
				ASSETCATALOG_COMPILER_APPICON_NAME = AppIcon;
				ASSETCATALOG_COMPILER_GLOBAL_ACCENT_COLOR_NAME = AccentColor;
				CODE_SIGN_ENTITLEMENTS = app/app.entitlements;
				CODE_SIGN_STYLE = Automatic;
				CURRENT_PROJECT_VERSION = 1;
				DEVELOPMENT_ASSET_PATHS = "\"app/Preview Content\"";
				DEVELOPMENT_TEAM = 84383757VH;
				ENABLE_HARDENED_RUNTIME = YES;
				ENABLE_PREVIEWS = YES;
				GENERATE_INFOPLIST_FILE = YES;
				"INFOPLIST_KEY_UIApplicationSceneManifest_Generation[sdk=iphoneos*]" = YES;
				"INFOPLIST_KEY_UIApplicationSceneManifest_Generation[sdk=iphonesimulator*]" = YES;
				"INFOPLIST_KEY_UIApplicationSupportsIndirectInputEvents[sdk=iphoneos*]" = YES;
				"INFOPLIST_KEY_UIApplicationSupportsIndirectInputEvents[sdk=iphonesimulator*]" = YES;
				"INFOPLIST_KEY_UILaunchScreen_Generation[sdk=iphoneos*]" = YES;
				"INFOPLIST_KEY_UILaunchScreen_Generation[sdk=iphonesimulator*]" = YES;
				"INFOPLIST_KEY_UIStatusBarStyle[sdk=iphoneos*]" = UIStatusBarStyleDefault;
				"INFOPLIST_KEY_UIStatusBarStyle[sdk=iphonesimulator*]" = UIStatusBarStyleDefault;
				INFOPLIST_KEY_UISupportedInterfaceOrientations_iPad = "UIInterfaceOrientationPortrait UIInterfaceOrientationPortraitUpsideDown UIInterfaceOrientationLandscapeLeft UIInterfaceOrientationLandscapeRight";
				INFOPLIST_KEY_UISupportedInterfaceOrientations_iPhone = "UIInterfaceOrientationPortrait UIInterfaceOrientationLandscapeLeft UIInterfaceOrientationLandscapeRight";
				IPHONEOS_DEPLOYMENT_TARGET = 16.4;
				LD_RUNPATH_SEARCH_PATHS = "@executable_path/Frameworks";
				"LD_RUNPATH_SEARCH_PATHS[sdk=macosx*]" = "@executable_path/../Frameworks";
				MACOSX_DEPLOYMENT_TARGET = 13.3;
				MARKETING_VERSION = 1.0;
				PRODUCT_BUNDLE_IDENTIFIER = com.ethglobal.app;
				PRODUCT_NAME = "$(TARGET_NAME)";
				SDKROOT = auto;
				SUPPORTED_PLATFORMS = "iphoneos iphonesimulator macosx";
				SWIFT_EMIT_LOC_STRINGS = YES;
				SWIFT_VERSION = 5.0;
				TARGETED_DEVICE_FAMILY = "1,2";
			};
			name = Release;
		};
/* End XCBuildConfiguration section */

/* Begin XCConfigurationList section */
		6951EC742A6AFFC10002B5D2 /* Build configuration list for PBXProject "app" */ = {
			isa = XCConfigurationList;
			buildConfigurations = (
				6951EC862A6AFFC20002B5D2 /* Debug */,
				6951EC872A6AFFC20002B5D2 /* Release */,
			);
			defaultConfigurationIsVisible = 0;
			defaultConfigurationName = Release;
		};
		6951EC882A6AFFC20002B5D2 /* Build configuration list for PBXNativeTarget "app" */ = {
			isa = XCConfigurationList;
			buildConfigurations = (
				6951EC892A6AFFC20002B5D2 /* Debug */,
				6951EC8A2A6AFFC20002B5D2 /* Release */,
			);
			defaultConfigurationIsVisible = 0;
			defaultConfigurationName = Release;
		};
/* End XCConfigurationList section */

/* Begin XCRemoteSwiftPackageReference section */
		6967AA072A6BC9ED004E37EE /* XCRemoteSwiftPackageReference "metamask-ios-sdk" */ = {
			isa = XCRemoteSwiftPackageReference;
			repositoryURL = "https://github.com/MetaMask/metamask-ios-sdk";
			requirement = {
				kind = exactVersion;
				version = 0.2.0;
			};
		};
		A657625D2A6B3515002A06CB /* XCRemoteSwiftPackageReference "WalletConnectSwiftV2" */ = {
			isa = XCRemoteSwiftPackageReference;
			repositoryURL = "https://github.com/WalletConnect/WalletConnectSwiftV2";
			requirement = {
				kind = upToNextMajorVersion;
				minimumVersion = 1.6.4;
			};
		};
/* End XCRemoteSwiftPackageReference section */

/* Begin XCSwiftPackageProductDependency section */
		6967AA082A6BC9ED004E37EE /* metamask-ios-sdk */ = {
			isa = XCSwiftPackageProductDependency;
			package = 6967AA072A6BC9ED004E37EE /* XCRemoteSwiftPackageReference "metamask-ios-sdk" */;
			productName = "metamask-ios-sdk";
		};
		A657625E2A6B3515002A06CB /* WalletConnectModal */ = {
			isa = XCSwiftPackageProductDependency;
			package = A657625D2A6B3515002A06CB /* XCRemoteSwiftPackageReference "WalletConnectSwiftV2" */;
			productName = WalletConnectModal;
		};
/* End XCSwiftPackageProductDependency section */
	};
	rootObject = 6951EC712A6AFFC10002B5D2 /* Project object */;
}
